
Microsoft Visual Studio Solution File, Format Version 12.00
# Visual Studio 15
VisualStudioVersion = 15.0.27130.2010
MinimumVisualStudioVersion = 10.0.40219.1
Project("{FAE04EC0-301F-11D3-BF4B-00C04F79EFBC}") = "YanSoft.CurrencyExchanger.Core", "src\YanSoft.CurrencyExchanger.Core\YanSoft.CurrencyExchanger.Core.csproj", "{A00BB99B-FD75-40A9-86C9-362A63DF0790}"
EndProject
Project("{FAE04EC0-301F-11D3-BF4B-00C04F79EFBC}") = "YanSoft.CurrencyExchanger.UI", "src\YanSoft.CurrencyExchanger.UI\YanSoft.CurrencyExchanger.UI.csproj", "{DF26EBF1-CE88-46F7-AFC3-1BF92BCA4745}"
EndProject
Project("{FAE04EC0-301F-11D3-BF4B-00C04F79EFBC}") = "YanSoft.CurrencyExchanger.Droid", "src\YanSoft.CurrencyExchanger.Droid\YanSoft.CurrencyExchanger.Droid.csproj", "{2A631008-B250-49C1-91B0-981338B2E509}"
EndProject
Project("{FAE04EC0-301F-11D3-BF4B-00C04F79EFBC}") = "YanSoft.CurrencyExchanger.iOS", "src\YanSoft.CurrencyExchanger.iOS\YanSoft.CurrencyExchanger.iOS.csproj", "{019913DE-804E-4E23-909F-CB3723637153}"
EndProject
Project("{FAE04EC0-301F-11D3-BF4B-00C04F79EFBC}") = "YanSoft.CurrencyExchanger.UWP", "src\YanSoft.CurrencyExchanger.UWP\YanSoft.CurrencyExchanger.UWP.csproj", "{2B7CFF1C-94F4-45FE-B0B2-1120E30F9266}"
EndProject
Project("{FAE04EC0-301F-11D3-BF4B-00C04F79EFBC}") = "YanSoft.CurrencyExchanger.Core.Test", "test\YanSoft.CurrencyExchanger.Core.Test\YanSoft.CurrencyExchanger.Core.Test.csproj", "{C48493F3-3976-4CE4-9F89-7BD0C97729F7}"
EndProject
Project("{FAE04EC0-301F-11D3-BF4B-00C04F79EFBC}") = "YanSoft.CurrencyExchanger.Droid.Test", "test\YanSoft.CurrencyExchanger.Droid.Test\YanSoft.CurrencyExchanger.Droid.Test.csproj", "{A500C5DF-2EAF-4186-A261-80E29223858C}"
EndProject
Project("{D954291E-2A0B-460D-934E-DC6B0785DB48}") = "YanSoft.CurrencyExchanger.Droid.Shared", "src\YanSoft.CurrencyExchanger.Droid.Shared\YanSoft.CurrencyExchanger.Droid.Shared.shproj", "{D626F744-33BB-4FC7-A8A7-8220873CDF38}"
EndProject
Project("{FAE04EC0-301F-11D3-BF4B-00C04F79EFBC}") = "YanSoft.CurrencyExchanger.iOS.Test", "test\YanSoft.CurrencyExchanger.iOS.Test\YanSoft.CurrencyExchanger.iOS.Test.csproj", "{B1C2AAE9-2BCC-4D7A-9346-5DEB1B8080B7}"
EndProject
Project("{FAE04EC0-301F-11D3-BF4B-00C04F79EFBC}") = "YanSoft.CurrencyExchanger.UI.Test", "test\YanSoft.CurrencyExchanger.UI.Test\YanSoft.CurrencyExchanger.UI.Test.csproj", "{6E474EF3-346B-4B67-AAD8-7EE33F0B6B83}"
EndProject
Project("{FAE04EC0-301F-11D3-BF4B-00C04F79EFBC}") = "YanSoft.CurrencyExchanger.UWP.Test", "test\YanSoft.CurrencyExchanger.UWP.Test\YanSoft.CurrencyExchanger.UWP.Test.csproj", "{F88273DD-CB03-4FC7-BC33-76CFC7CE0325}"
EndProject
Project("{FAE04EC0-301F-11D3-BF4B-00C04F79EFBC}") = "YanSoft.CurrencyExchanger.UWP.UI.Test", "test\YanSoft.CurrencyExchanger.UWP.UI.Test\YanSoft.CurrencyExchanger.UWP.UI.Test.csproj", "{47065886-EB93-4BF4-937F-74950A719C6C}"
EndProject
Project("{2150E333-8FDC-42A3-9474-1A3956D46DE8}") = "Android", "Android", "{72F3F06F-F26C-4CC8-B9F0-643CCD51F2AF}"
EndProject
Project("{2150E333-8FDC-42A3-9474-1A3956D46DE8}") = "iOS", "iOS", "{55C62F87-D0E7-40E9-8FEC-A4AEF194B6AA}"
EndProject
Project("{2150E333-8FDC-42A3-9474-1A3956D46DE8}") = "UWP", "UWP", "{61893EFF-1904-46E4-8179-614C82D3B82F}"
EndProject
Project("{2150E333-8FDC-42A3-9474-1A3956D46DE8}") = "!Solution Items", "!Solution Items", "{1CC89A2B-3198-4BEB-A993-8A9656DD73FD}"
	ProjectSection(SolutionItems) = preProject
		.editorconfig = .editorconfig
	EndProjectSection
EndProject
Global
	GlobalSection(SharedMSBuildProjectFiles) = preSolution
		src\YanSoft.CurrencyExchanger.Droid.Shared\YanSoft.CurrencyExchanger.Droid.Shared.projitems*{2A631008-B250-49C1-91B0-981338B2E509}*SharedItemsImports = 4
		src\YanSoft.CurrencyExchanger.Droid.Shared\YanSoft.CurrencyExchanger.Droid.Shared.projitems*{A500C5DF-2EAF-4186-A261-80E29223858C}*SharedItemsImports = 4
		src\YanSoft.CurrencyExchanger.Droid.Shared\YanSoft.CurrencyExchanger.Droid.Shared.projitems*{D626F744-33BB-4FC7-A8A7-8220873CDF38}*SharedItemsImports = 13
	EndGlobalSection
	GlobalSection(SolutionConfigurationPlatforms) = preSolution
		Debug|Any CPU = Debug|Any CPU
		Debug|ARM = Debug|ARM
		Debug|iPhone = Debug|iPhone
		Debug|iPhoneSimulator = Debug|iPhoneSimulator
		Debug|x64 = Debug|x64
		Debug|x86 = Debug|x86
		Release|Any CPU = Release|Any CPU
		Release|ARM = Release|ARM
		Release|iPhone = Release|iPhone
		Release|iPhoneSimulator = Release|iPhoneSimulator
		Release|x64 = Release|x64
		Release|x86 = Release|x86
	EndGlobalSection
	GlobalSection(ProjectConfigurationPlatforms) = postSolution
		{A00BB99B-FD75-40A9-86C9-362A63DF0790}.Debug|Any CPU.ActiveCfg = Debug|Any CPU
		{A00BB99B-FD75-40A9-86C9-362A63DF0790}.Debug|Any CPU.Build.0 = Debug|Any CPU
		{A00BB99B-FD75-40A9-86C9-362A63DF0790}.Debug|ARM.ActiveCfg = Debug|Any CPU
		{A00BB99B-FD75-40A9-86C9-362A63DF0790}.Debug|ARM.Build.0 = Debug|Any CPU
		{A00BB99B-FD75-40A9-86C9-362A63DF0790}.Debug|iPhone.ActiveCfg = Debug|Any CPU
		{A00BB99B-FD75-40A9-86C9-362A63DF0790}.Debug|iPhone.Build.0 = Debug|Any CPU
		{A00BB99B-FD75-40A9-86C9-362A63DF0790}.Debug|iPhoneSimulator.ActiveCfg = Debug|Any CPU
		{A00BB99B-FD75-40A9-86C9-362A63DF0790}.Debug|iPhoneSimulator.Build.0 = Debug|Any CPU
		{A00BB99B-FD75-40A9-86C9-362A63DF0790}.Debug|x64.ActiveCfg = Debug|Any CPU
		{A00BB99B-FD75-40A9-86C9-362A63DF0790}.Debug|x64.Build.0 = Debug|Any CPU
		{A00BB99B-FD75-40A9-86C9-362A63DF0790}.Debug|x86.ActiveCfg = Debug|Any CPU
		{A00BB99B-FD75-40A9-86C9-362A63DF0790}.Debug|x86.Build.0 = Debug|Any CPU
		{A00BB99B-FD75-40A9-86C9-362A63DF0790}.Release|Any CPU.ActiveCfg = Release|Any CPU
		{A00BB99B-FD75-40A9-86C9-362A63DF0790}.Release|Any CPU.Build.0 = Release|Any CPU
		{A00BB99B-FD75-40A9-86C9-362A63DF0790}.Release|ARM.ActiveCfg = Release|Any CPU
		{A00BB99B-FD75-40A9-86C9-362A63DF0790}.Release|ARM.Build.0 = Release|Any CPU
		{A00BB99B-FD75-40A9-86C9-362A63DF0790}.Release|iPhone.ActiveCfg = Release|Any CPU
		{A00BB99B-FD75-40A9-86C9-362A63DF0790}.Release|iPhone.Build.0 = Release|Any CPU
		{A00BB99B-FD75-40A9-86C9-362A63DF0790}.Release|iPhoneSimulator.ActiveCfg = Release|Any CPU
		{A00BB99B-FD75-40A9-86C9-362A63DF0790}.Release|iPhoneSimulator.Build.0 = Release|Any CPU
		{A00BB99B-FD75-40A9-86C9-362A63DF0790}.Release|x64.ActiveCfg = Release|Any CPU
		{A00BB99B-FD75-40A9-86C9-362A63DF0790}.Release|x64.Build.0 = Release|Any CPU
		{A00BB99B-FD75-40A9-86C9-362A63DF0790}.Release|x86.ActiveCfg = Release|Any CPU
		{A00BB99B-FD75-40A9-86C9-362A63DF0790}.Release|x86.Build.0 = Release|Any CPU
		{DF26EBF1-CE88-46F7-AFC3-1BF92BCA4745}.Debug|Any CPU.ActiveCfg = Debug|Any CPU
		{DF26EBF1-CE88-46F7-AFC3-1BF92BCA4745}.Debug|Any CPU.Build.0 = Debug|Any CPU
		{DF26EBF1-CE88-46F7-AFC3-1BF92BCA4745}.Debug|ARM.ActiveCfg = Debug|Any CPU
		{DF26EBF1-CE88-46F7-AFC3-1BF92BCA4745}.Debug|ARM.Build.0 = Debug|Any CPU
		{DF26EBF1-CE88-46F7-AFC3-1BF92BCA4745}.Debug|iPhone.ActiveCfg = Debug|Any CPU
		{DF26EBF1-CE88-46F7-AFC3-1BF92BCA4745}.Debug|iPhone.Build.0 = Debug|Any CPU
		{DF26EBF1-CE88-46F7-AFC3-1BF92BCA4745}.Debug|iPhoneSimulator.ActiveCfg = Debug|Any CPU
		{DF26EBF1-CE88-46F7-AFC3-1BF92BCA4745}.Debug|iPhoneSimulator.Build.0 = Debug|Any CPU
		{DF26EBF1-CE88-46F7-AFC3-1BF92BCA4745}.Debug|x64.ActiveCfg = Debug|Any CPU
		{DF26EBF1-CE88-46F7-AFC3-1BF92BCA4745}.Debug|x64.Build.0 = Debug|Any CPU
		{DF26EBF1-CE88-46F7-AFC3-1BF92BCA4745}.Debug|x86.ActiveCfg = Debug|Any CPU
		{DF26EBF1-CE88-46F7-AFC3-1BF92BCA4745}.Debug|x86.Build.0 = Debug|Any CPU
		{DF26EBF1-CE88-46F7-AFC3-1BF92BCA4745}.Release|Any CPU.ActiveCfg = Release|Any CPU
		{DF26EBF1-CE88-46F7-AFC3-1BF92BCA4745}.Release|Any CPU.Build.0 = Release|Any CPU
		{DF26EBF1-CE88-46F7-AFC3-1BF92BCA4745}.Release|ARM.ActiveCfg = Release|Any CPU
		{DF26EBF1-CE88-46F7-AFC3-1BF92BCA4745}.Release|ARM.Build.0 = Release|Any CPU
		{DF26EBF1-CE88-46F7-AFC3-1BF92BCA4745}.Release|iPhone.ActiveCfg = Release|Any CPU
		{DF26EBF1-CE88-46F7-AFC3-1BF92BCA4745}.Release|iPhone.Build.0 = Release|Any CPU
		{DF26EBF1-CE88-46F7-AFC3-1BF92BCA4745}.Release|iPhoneSimulator.ActiveCfg = Release|Any CPU
		{DF26EBF1-CE88-46F7-AFC3-1BF92BCA4745}.Release|iPhoneSimulator.Build.0 = Release|Any CPU
		{DF26EBF1-CE88-46F7-AFC3-1BF92BCA4745}.Release|x64.ActiveCfg = Release|Any CPU
		{DF26EBF1-CE88-46F7-AFC3-1BF92BCA4745}.Release|x64.Build.0 = Release|Any CPU
		{DF26EBF1-CE88-46F7-AFC3-1BF92BCA4745}.Release|x86.ActiveCfg = Release|Any CPU
		{DF26EBF1-CE88-46F7-AFC3-1BF92BCA4745}.Release|x86.Build.0 = Release|Any CPU
		{2A631008-B250-49C1-91B0-981338B2E509}.Debug|Any CPU.ActiveCfg = Debug|Any CPU
		{2A631008-B250-49C1-91B0-981338B2E509}.Debug|Any CPU.Build.0 = Debug|Any CPU
		{2A631008-B250-49C1-91B0-981338B2E509}.Debug|Any CPU.Deploy.0 = Debug|Any CPU
		{2A631008-B250-49C1-91B0-981338B2E509}.Debug|ARM.ActiveCfg = Debug|Any CPU
		{2A631008-B250-49C1-91B0-981338B2E509}.Debug|ARM.Build.0 = Debug|Any CPU
		{2A631008-B250-49C1-91B0-981338B2E509}.Debug|ARM.Deploy.0 = Debug|Any CPU
		{2A631008-B250-49C1-91B0-981338B2E509}.Debug|iPhone.ActiveCfg = Debug|Any CPU
		{2A631008-B250-49C1-91B0-981338B2E509}.Debug|iPhone.Build.0 = Debug|Any CPU
		{2A631008-B250-49C1-91B0-981338B2E509}.Debug|iPhone.Deploy.0 = Debug|Any CPU
		{2A631008-B250-49C1-91B0-981338B2E509}.Debug|iPhoneSimulator.ActiveCfg = Debug|Any CPU
		{2A631008-B250-49C1-91B0-981338B2E509}.Debug|iPhoneSimulator.Build.0 = Debug|Any CPU
		{2A631008-B250-49C1-91B0-981338B2E509}.Debug|iPhoneSimulator.Deploy.0 = Debug|Any CPU
		{2A631008-B250-49C1-91B0-981338B2E509}.Debug|x64.ActiveCfg = Debug|Any CPU
		{2A631008-B250-49C1-91B0-981338B2E509}.Debug|x64.Build.0 = Debug|Any CPU
		{2A631008-B250-49C1-91B0-981338B2E509}.Debug|x64.Deploy.0 = Debug|Any CPU
		{2A631008-B250-49C1-91B0-981338B2E509}.Debug|x86.ActiveCfg = Debug|Any CPU
		{2A631008-B250-49C1-91B0-981338B2E509}.Debug|x86.Build.0 = Debug|Any CPU
		{2A631008-B250-49C1-91B0-981338B2E509}.Debug|x86.Deploy.0 = Debug|Any CPU
		{2A631008-B250-49C1-91B0-981338B2E509}.Release|Any CPU.ActiveCfg = Release|Any CPU
		{2A631008-B250-49C1-91B0-981338B2E509}.Release|Any CPU.Build.0 = Release|Any CPU
		{2A631008-B250-49C1-91B0-981338B2E509}.Release|Any CPU.Deploy.0 = Release|Any CPU
		{2A631008-B250-49C1-91B0-981338B2E509}.Release|ARM.ActiveCfg = Release|Any CPU
		{2A631008-B250-49C1-91B0-981338B2E509}.Release|ARM.Build.0 = Release|Any CPU
		{2A631008-B250-49C1-91B0-981338B2E509}.Release|ARM.Deploy.0 = Release|Any CPU
		{2A631008-B250-49C1-91B0-981338B2E509}.Release|iPhone.ActiveCfg = Release|Any CPU
		{2A631008-B250-49C1-91B0-981338B2E509}.Release|iPhone.Build.0 = Release|Any CPU
		{2A631008-B250-49C1-91B0-981338B2E509}.Release|iPhone.Deploy.0 = Release|Any CPU
		{2A631008-B250-49C1-91B0-981338B2E509}.Release|iPhoneSimulator.ActiveCfg = Release|Any CPU
		{2A631008-B250-49C1-91B0-981338B2E509}.Release|iPhoneSimulator.Build.0 = Release|Any CPU
		{2A631008-B250-49C1-91B0-981338B2E509}.Release|iPhoneSimulator.Deploy.0 = Release|Any CPU
		{2A631008-B250-49C1-91B0-981338B2E509}.Release|x64.ActiveCfg = Release|Any CPU
		{2A631008-B250-49C1-91B0-981338B2E509}.Release|x64.Build.0 = Release|Any CPU
		{2A631008-B250-49C1-91B0-981338B2E509}.Release|x64.Deploy.0 = Release|Any CPU
		{2A631008-B250-49C1-91B0-981338B2E509}.Release|x86.ActiveCfg = Release|Any CPU
		{2A631008-B250-49C1-91B0-981338B2E509}.Release|x86.Build.0 = Release|Any CPU
		{2A631008-B250-49C1-91B0-981338B2E509}.Release|x86.Deploy.0 = Release|Any CPU
		{019913DE-804E-4E23-909F-CB3723637153}.Debug|Any CPU.ActiveCfg = Debug|iPhone
		{019913DE-804E-4E23-909F-CB3723637153}.Debug|Any CPU.Build.0 = Debug|iPhone
		{019913DE-804E-4E23-909F-CB3723637153}.Debug|ARM.ActiveCfg = Debug|iPhone
		{019913DE-804E-4E23-909F-CB3723637153}.Debug|iPhone.ActiveCfg = Debug|iPhone
		{019913DE-804E-4E23-909F-CB3723637153}.Debug|iPhone.Build.0 = Debug|iPhone
		{019913DE-804E-4E23-909F-CB3723637153}.Debug|iPhone.Deploy.0 = Debug|iPhone
		{019913DE-804E-4E23-909F-CB3723637153}.Debug|iPhoneSimulator.ActiveCfg = Debug|iPhoneSimulator
		{019913DE-804E-4E23-909F-CB3723637153}.Debug|iPhoneSimulator.Build.0 = Debug|iPhoneSimulator
		{019913DE-804E-4E23-909F-CB3723637153}.Debug|iPhoneSimulator.Deploy.0 = Debug|iPhoneSimulator
		{019913DE-804E-4E23-909F-CB3723637153}.Debug|x64.ActiveCfg = Debug|iPhone
		{019913DE-804E-4E23-909F-CB3723637153}.Debug|x86.ActiveCfg = Debug|iPhone
		{019913DE-804E-4E23-909F-CB3723637153}.Release|Any CPU.ActiveCfg = Release|iPhone
		{019913DE-804E-4E23-909F-CB3723637153}.Release|ARM.ActiveCfg = Release|iPhone
		{019913DE-804E-4E23-909F-CB3723637153}.Release|iPhone.ActiveCfg = Release|iPhone
		{019913DE-804E-4E23-909F-CB3723637153}.Release|iPhone.Build.0 = Release|iPhone
		{019913DE-804E-4E23-909F-CB3723637153}.Release|iPhone.Deploy.0 = Release|iPhone
		{019913DE-804E-4E23-909F-CB3723637153}.Release|iPhoneSimulator.ActiveCfg = Release|iPhoneSimulator
		{019913DE-804E-4E23-909F-CB3723637153}.Release|iPhoneSimulator.Build.0 = Release|iPhoneSimulator
		{019913DE-804E-4E23-909F-CB3723637153}.Release|iPhoneSimulator.Deploy.0 = Release|iPhoneSimulator
		{019913DE-804E-4E23-909F-CB3723637153}.Release|x64.ActiveCfg = Release|iPhone
		{019913DE-804E-4E23-909F-CB3723637153}.Release|x86.ActiveCfg = Release|iPhone
		{2B7CFF1C-94F4-45FE-B0B2-1120E30F9266}.Debug|Any CPU.ActiveCfg = Debug|x86
		{2B7CFF1C-94F4-45FE-B0B2-1120E30F9266}.Debug|ARM.ActiveCfg = Debug|ARM
		{2B7CFF1C-94F4-45FE-B0B2-1120E30F9266}.Debug|ARM.Build.0 = Debug|ARM
		{2B7CFF1C-94F4-45FE-B0B2-1120E30F9266}.Debug|ARM.Deploy.0 = Debug|ARM
		{2B7CFF1C-94F4-45FE-B0B2-1120E30F9266}.Debug|iPhone.ActiveCfg = Debug|x86
		{2B7CFF1C-94F4-45FE-B0B2-1120E30F9266}.Debug|iPhoneSimulator.ActiveCfg = Debug|x86
		{2B7CFF1C-94F4-45FE-B0B2-1120E30F9266}.Debug|x64.ActiveCfg = Debug|x64
		{2B7CFF1C-94F4-45FE-B0B2-1120E30F9266}.Debug|x64.Build.0 = Debug|x64
		{2B7CFF1C-94F4-45FE-B0B2-1120E30F9266}.Debug|x64.Deploy.0 = Debug|x64
		{2B7CFF1C-94F4-45FE-B0B2-1120E30F9266}.Debug|x86.ActiveCfg = Debug|x86
		{2B7CFF1C-94F4-45FE-B0B2-1120E30F9266}.Debug|x86.Build.0 = Debug|x86
		{2B7CFF1C-94F4-45FE-B0B2-1120E30F9266}.Debug|x86.Deploy.0 = Debug|x86
		{2B7CFF1C-94F4-45FE-B0B2-1120E30F9266}.Release|Any CPU.ActiveCfg = Release|x86
		{2B7CFF1C-94F4-45FE-B0B2-1120E30F9266}.Release|ARM.ActiveCfg = Release|ARM
		{2B7CFF1C-94F4-45FE-B0B2-1120E30F9266}.Release|ARM.Build.0 = Release|ARM
		{2B7CFF1C-94F4-45FE-B0B2-1120E30F9266}.Release|ARM.Deploy.0 = Release|ARM
		{2B7CFF1C-94F4-45FE-B0B2-1120E30F9266}.Release|iPhone.ActiveCfg = Release|x86
		{2B7CFF1C-94F4-45FE-B0B2-1120E30F9266}.Release|iPhoneSimulator.ActiveCfg = Release|x86
		{2B7CFF1C-94F4-45FE-B0B2-1120E30F9266}.Release|x64.ActiveCfg = Release|x64
		{2B7CFF1C-94F4-45FE-B0B2-1120E30F9266}.Release|x64.Build.0 = Release|x64
		{2B7CFF1C-94F4-45FE-B0B2-1120E30F9266}.Release|x64.Deploy.0 = Release|x64
		{2B7CFF1C-94F4-45FE-B0B2-1120E30F9266}.Release|x86.ActiveCfg = Release|x86
		{2B7CFF1C-94F4-45FE-B0B2-1120E30F9266}.Release|x86.Build.0 = Release|x86
		{2B7CFF1C-94F4-45FE-B0B2-1120E30F9266}.Release|x86.Deploy.0 = Release|x86
		{C48493F3-3976-4CE4-9F89-7BD0C97729F7}.Debug|Any CPU.ActiveCfg = Debug|Any CPU
		{C48493F3-3976-4CE4-9F89-7BD0C97729F7}.Debug|Any CPU.Build.0 = Debug|Any CPU
		{C48493F3-3976-4CE4-9F89-7BD0C97729F7}.Debug|ARM.ActiveCfg = Debug|Any CPU
		{C48493F3-3976-4CE4-9F89-7BD0C97729F7}.Debug|ARM.Build.0 = Debug|Any CPU
		{C48493F3-3976-4CE4-9F89-7BD0C97729F7}.Debug|iPhone.ActiveCfg = Debug|Any CPU
		{C48493F3-3976-4CE4-9F89-7BD0C97729F7}.Debug|iPhone.Build.0 = Debug|Any CPU
		{C48493F3-3976-4CE4-9F89-7BD0C97729F7}.Debug|iPhoneSimulator.ActiveCfg = Debug|Any CPU
		{C48493F3-3976-4CE4-9F89-7BD0C97729F7}.Debug|iPhoneSimulator.Build.0 = Debug|Any CPU
		{C48493F3-3976-4CE4-9F89-7BD0C97729F7}.Debug|x64.ActiveCfg = Debug|Any CPU
		{C48493F3-3976-4CE4-9F89-7BD0C97729F7}.Debug|x64.Build.0 = Debug|Any CPU
		{C48493F3-3976-4CE4-9F89-7BD0C97729F7}.Debug|x86.ActiveCfg = Debug|Any CPU
		{C48493F3-3976-4CE4-9F89-7BD0C97729F7}.Debug|x86.Build.0 = Debug|Any CPU
		{C48493F3-3976-4CE4-9F89-7BD0C97729F7}.Release|Any CPU.ActiveCfg = Release|Any CPU
		{C48493F3-3976-4CE4-9F89-7BD0C97729F7}.Release|Any CPU.Build.0 = Release|Any CPU
		{C48493F3-3976-4CE4-9F89-7BD0C97729F7}.Release|ARM.ActiveCfg = Release|Any CPU
		{C48493F3-3976-4CE4-9F89-7BD0C97729F7}.Release|ARM.Build.0 = Release|Any CPU
		{C48493F3-3976-4CE4-9F89-7BD0C97729F7}.Release|iPhone.ActiveCfg = Release|Any CPU
		{C48493F3-3976-4CE4-9F89-7BD0C97729F7}.Release|iPhone.Build.0 = Release|Any CPU
		{C48493F3-3976-4CE4-9F89-7BD0C97729F7}.Release|iPhoneSimulator.ActiveCfg = Release|Any CPU
		{C48493F3-3976-4CE4-9F89-7BD0C97729F7}.Release|iPhoneSimulator.Build.0 = Release|Any CPU
		{C48493F3-3976-4CE4-9F89-7BD0C97729F7}.Release|x64.ActiveCfg = Release|Any CPU
		{C48493F3-3976-4CE4-9F89-7BD0C97729F7}.Release|x64.Build.0 = Release|Any CPU
		{C48493F3-3976-4CE4-9F89-7BD0C97729F7}.Release|x86.ActiveCfg = Release|Any CPU
		{C48493F3-3976-4CE4-9F89-7BD0C97729F7}.Release|x86.Build.0 = Release|Any CPU
		{A500C5DF-2EAF-4186-A261-80E29223858C}.Debug|Any CPU.ActiveCfg = Debug|Any CPU
		{A500C5DF-2EAF-4186-A261-80E29223858C}.Debug|Any CPU.Build.0 = Debug|Any CPU
		{A500C5DF-2EAF-4186-A261-80E29223858C}.Debug|Any CPU.Deploy.0 = Debug|Any CPU
		{A500C5DF-2EAF-4186-A261-80E29223858C}.Debug|ARM.ActiveCfg = Debug|Any CPU
		{A500C5DF-2EAF-4186-A261-80E29223858C}.Debug|ARM.Build.0 = Debug|Any CPU
		{A500C5DF-2EAF-4186-A261-80E29223858C}.Debug|ARM.Deploy.0 = Debug|Any CPU
		{A500C5DF-2EAF-4186-A261-80E29223858C}.Debug|iPhone.ActiveCfg = Debug|Any CPU
		{A500C5DF-2EAF-4186-A261-80E29223858C}.Debug|iPhone.Build.0 = Debug|Any CPU
		{A500C5DF-2EAF-4186-A261-80E29223858C}.Debug|iPhone.Deploy.0 = Debug|Any CPU
		{A500C5DF-2EAF-4186-A261-80E29223858C}.Debug|iPhoneSimulator.ActiveCfg = Debug|Any CPU
		{A500C5DF-2EAF-4186-A261-80E29223858C}.Debug|iPhoneSimulator.Build.0 = Debug|Any CPU
		{A500C5DF-2EAF-4186-A261-80E29223858C}.Debug|iPhoneSimulator.Deploy.0 = Debug|Any CPU
		{A500C5DF-2EAF-4186-A261-80E29223858C}.Debug|x64.ActiveCfg = Debug|Any CPU
		{A500C5DF-2EAF-4186-A261-80E29223858C}.Debug|x64.Build.0 = Debug|Any CPU
		{A500C5DF-2EAF-4186-A261-80E29223858C}.Debug|x64.Deploy.0 = Debug|Any CPU
		{A500C5DF-2EAF-4186-A261-80E29223858C}.Debug|x86.ActiveCfg = Debug|Any CPU
		{A500C5DF-2EAF-4186-A261-80E29223858C}.Debug|x86.Build.0 = Debug|Any CPU
		{A500C5DF-2EAF-4186-A261-80E29223858C}.Debug|x86.Deploy.0 = Debug|Any CPU
		{A500C5DF-2EAF-4186-A261-80E29223858C}.Release|Any CPU.ActiveCfg = Release|Any CPU
		{A500C5DF-2EAF-4186-A261-80E29223858C}.Release|Any CPU.Build.0 = Release|Any CPU
		{A500C5DF-2EAF-4186-A261-80E29223858C}.Release|Any CPU.Deploy.0 = Release|Any CPU
		{A500C5DF-2EAF-4186-A261-80E29223858C}.Release|ARM.ActiveCfg = Release|Any CPU
		{A500C5DF-2EAF-4186-A261-80E29223858C}.Release|ARM.Build.0 = Release|Any CPU
		{A500C5DF-2EAF-4186-A261-80E29223858C}.Release|ARM.Deploy.0 = Release|Any CPU
		{A500C5DF-2EAF-4186-A261-80E29223858C}.Release|iPhone.ActiveCfg = Release|Any CPU
		{A500C5DF-2EAF-4186-A261-80E29223858C}.Release|iPhone.Build.0 = Release|Any CPU
		{A500C5DF-2EAF-4186-A261-80E29223858C}.Release|iPhone.Deploy.0 = Release|Any CPU
		{A500C5DF-2EAF-4186-A261-80E29223858C}.Release|iPhoneSimulator.ActiveCfg = Release|Any CPU
		{A500C5DF-2EAF-4186-A261-80E29223858C}.Release|iPhoneSimulator.Build.0 = Release|Any CPU
		{A500C5DF-2EAF-4186-A261-80E29223858C}.Release|iPhoneSimulator.Deploy.0 = Release|Any CPU
		{A500C5DF-2EAF-4186-A261-80E29223858C}.Release|x64.ActiveCfg = Release|Any CPU
		{A500C5DF-2EAF-4186-A261-80E29223858C}.Release|x64.Build.0 = Release|Any CPU
		{A500C5DF-2EAF-4186-A261-80E29223858C}.Release|x64.Deploy.0 = Release|Any CPU
		{A500C5DF-2EAF-4186-A261-80E29223858C}.Release|x86.ActiveCfg = Release|Any CPU
		{A500C5DF-2EAF-4186-A261-80E29223858C}.Release|x86.Build.0 = Release|Any CPU
		{A500C5DF-2EAF-4186-A261-80E29223858C}.Release|x86.Deploy.0 = Release|Any CPU
		{B1C2AAE9-2BCC-4D7A-9346-5DEB1B8080B7}.Debug|Any CPU.ActiveCfg = Debug|iPhone
		{B1C2AAE9-2BCC-4D7A-9346-5DEB1B8080B7}.Debug|Any CPU.Build.0 = Debug|iPhone
		{B1C2AAE9-2BCC-4D7A-9346-5DEB1B8080B7}.Debug|ARM.ActiveCfg = Debug|iPhone
		{B1C2AAE9-2BCC-4D7A-9346-5DEB1B8080B7}.Debug|iPhone.ActiveCfg = Debug|iPhone
		{B1C2AAE9-2BCC-4D7A-9346-5DEB1B8080B7}.Debug|iPhone.Build.0 = Debug|iPhone
		{B1C2AAE9-2BCC-4D7A-9346-5DEB1B8080B7}.Debug|iPhoneSimulator.ActiveCfg = Debug|iPhoneSimulator
		{B1C2AAE9-2BCC-4D7A-9346-5DEB1B8080B7}.Debug|iPhoneSimulator.Build.0 = Debug|iPhoneSimulator
		{B1C2AAE9-2BCC-4D7A-9346-5DEB1B8080B7}.Debug|x64.ActiveCfg = Debug|iPhone
		{B1C2AAE9-2BCC-4D7A-9346-5DEB1B8080B7}.Debug|x86.ActiveCfg = Debug|iPhone
		{B1C2AAE9-2BCC-4D7A-9346-5DEB1B8080B7}.Release|Any CPU.ActiveCfg = Release|iPhone
		{B1C2AAE9-2BCC-4D7A-9346-5DEB1B8080B7}.Release|ARM.ActiveCfg = Release|iPhone
		{B1C2AAE9-2BCC-4D7A-9346-5DEB1B8080B7}.Release|iPhone.ActiveCfg = Release|iPhone
		{B1C2AAE9-2BCC-4D7A-9346-5DEB1B8080B7}.Release|iPhone.Build.0 = Release|iPhone
		{B1C2AAE9-2BCC-4D7A-9346-5DEB1B8080B7}.Release|iPhoneSimulator.ActiveCfg = Release|iPhoneSimulator
		{B1C2AAE9-2BCC-4D7A-9346-5DEB1B8080B7}.Release|iPhoneSimulator.Build.0 = Release|iPhoneSimulator
		{B1C2AAE9-2BCC-4D7A-9346-5DEB1B8080B7}.Release|x64.ActiveCfg = Release|iPhone
		{B1C2AAE9-2BCC-4D7A-9346-5DEB1B8080B7}.Release|x86.ActiveCfg = Release|iPhone
		{6E474EF3-346B-4B67-AAD8-7EE33F0B6B83}.Debug|Any CPU.ActiveCfg = Debug|Any CPU
		{6E474EF3-346B-4B67-AAD8-7EE33F0B6B83}.Debug|Any CPU.Build.0 = Debug|Any CPU
		{6E474EF3-346B-4B67-AAD8-7EE33F0B6B83}.Debug|ARM.ActiveCfg = Debug|Any CPU
		{6E474EF3-346B-4B67-AAD8-7EE33F0B6B83}.Debug|ARM.Build.0 = Debug|Any CPU
		{6E474EF3-346B-4B67-AAD8-7EE33F0B6B83}.Debug|iPhone.ActiveCfg = Debug|Any CPU
		{6E474EF3-346B-4B67-AAD8-7EE33F0B6B83}.Debug|iPhone.Build.0 = Debug|Any CPU
		{6E474EF3-346B-4B67-AAD8-7EE33F0B6B83}.Debug|iPhoneSimulator.ActiveCfg = Debug|Any CPU
		{6E474EF3-346B-4B67-AAD8-7EE33F0B6B83}.Debug|iPhoneSimulator.Build.0 = Debug|Any CPU
		{6E474EF3-346B-4B67-AAD8-7EE33F0B6B83}.Debug|x64.ActiveCfg = Debug|Any CPU
		{6E474EF3-346B-4B67-AAD8-7EE33F0B6B83}.Debug|x64.Build.0 = Debug|Any CPU
		{6E474EF3-346B-4B67-AAD8-7EE33F0B6B83}.Debug|x86.ActiveCfg = Debug|Any CPU
		{6E474EF3-346B-4B67-AAD8-7EE33F0B6B83}.Debug|x86.Build.0 = Debug|Any CPU
		{6E474EF3-346B-4B67-AAD8-7EE33F0B6B83}.Release|Any CPU.ActiveCfg = Release|Any CPU
		{6E474EF3-346B-4B67-AAD8-7EE33F0B6B83}.Release|Any CPU.Build.0 = Release|Any CPU
		{6E474EF3-346B-4B67-AAD8-7EE33F0B6B83}.Release|ARM.ActiveCfg = Release|Any CPU
		{6E474EF3-346B-4B67-AAD8-7EE33F0B6B83}.Release|ARM.Build.0 = Release|Any CPU
		{6E474EF3-346B-4B67-AAD8-7EE33F0B6B83}.Release|iPhone.ActiveCfg = Release|Any CPU
		{6E474EF3-346B-4B67-AAD8-7EE33F0B6B83}.Release|iPhone.Build.0 = Release|Any CPU
		{6E474EF3-346B-4B67-AAD8-7EE33F0B6B83}.Release|iPhoneSimulator.ActiveCfg = Release|Any CPU
		{6E474EF3-346B-4B67-AAD8-7EE33F0B6B83}.Release|iPhoneSimulator.Build.0 = Release|Any CPU
		{6E474EF3-346B-4B67-AAD8-7EE33F0B6B83}.Release|x64.ActiveCfg = Release|Any CPU
		{6E474EF3-346B-4B67-AAD8-7EE33F0B6B83}.Release|x64.Build.0 = Release|Any CPU
		{6E474EF3-346B-4B67-AAD8-7EE33F0B6B83}.Release|x86.ActiveCfg = Release|Any CPU
		{6E474EF3-346B-4B67-AAD8-7EE33F0B6B83}.Release|x86.Build.0 = Release|Any CPU
		{F88273DD-CB03-4FC7-BC33-76CFC7CE0325}.Debug|Any CPU.ActiveCfg = Debug|x86
		{F88273DD-CB03-4FC7-BC33-76CFC7CE0325}.Debug|ARM.ActiveCfg = Debug|ARM
		{F88273DD-CB03-4FC7-BC33-76CFC7CE0325}.Debug|ARM.Build.0 = Debug|ARM
		{F88273DD-CB03-4FC7-BC33-76CFC7CE0325}.Debug|ARM.Deploy.0 = Debug|ARM
		{F88273DD-CB03-4FC7-BC33-76CFC7CE0325}.Debug|iPhone.ActiveCfg = Debug|x86
		{F88273DD-CB03-4FC7-BC33-76CFC7CE0325}.Debug|iPhoneSimulator.ActiveCfg = Debug|x86
		{F88273DD-CB03-4FC7-BC33-76CFC7CE0325}.Debug|x64.ActiveCfg = Debug|x64
		{F88273DD-CB03-4FC7-BC33-76CFC7CE0325}.Debug|x64.Build.0 = Debug|x64
		{F88273DD-CB03-4FC7-BC33-76CFC7CE0325}.Debug|x64.Deploy.0 = Debug|x64
		{F88273DD-CB03-4FC7-BC33-76CFC7CE0325}.Debug|x86.ActiveCfg = Debug|x86
		{F88273DD-CB03-4FC7-BC33-76CFC7CE0325}.Debug|x86.Build.0 = Debug|x86
		{F88273DD-CB03-4FC7-BC33-76CFC7CE0325}.Debug|x86.Deploy.0 = Debug|x86
		{F88273DD-CB03-4FC7-BC33-76CFC7CE0325}.Release|Any CPU.ActiveCfg = Release|x86
		{F88273DD-CB03-4FC7-BC33-76CFC7CE0325}.Release|ARM.ActiveCfg = Release|ARM
		{F88273DD-CB03-4FC7-BC33-76CFC7CE0325}.Release|ARM.Build.0 = Release|ARM
		{F88273DD-CB03-4FC7-BC33-76CFC7CE0325}.Release|ARM.Deploy.0 = Release|ARM
		{F88273DD-CB03-4FC7-BC33-76CFC7CE0325}.Release|iPhone.ActiveCfg = Release|x86
		{F88273DD-CB03-4FC7-BC33-76CFC7CE0325}.Release|iPhoneSimulator.ActiveCfg = Release|x86
		{F88273DD-CB03-4FC7-BC33-76CFC7CE0325}.Release|x64.ActiveCfg = Release|x64
		{F88273DD-CB03-4FC7-BC33-76CFC7CE0325}.Release|x64.Build.0 = Release|x64
		{F88273DD-CB03-4FC7-BC33-76CFC7CE0325}.Release|x64.Deploy.0 = Release|x64
		{F88273DD-CB03-4FC7-BC33-76CFC7CE0325}.Release|x86.ActiveCfg = Release|x86
		{F88273DD-CB03-4FC7-BC33-76CFC7CE0325}.Release|x86.Build.0 = Release|x86
		{F88273DD-CB03-4FC7-BC33-76CFC7CE0325}.Release|x86.Deploy.0 = Release|x86
		{47065886-EB93-4BF4-937F-74950A719C6C}.Debug|Any CPU.ActiveCfg = Debug|Any CPU
		{47065886-EB93-4BF4-937F-74950A719C6C}.Debug|Any CPU.Build.0 = Debug|Any CPU
		{47065886-EB93-4BF4-937F-74950A719C6C}.Debug|ARM.ActiveCfg = Debug|Any CPU
		{47065886-EB93-4BF4-937F-74950A719C6C}.Debug|ARM.Build.0 = Debug|Any CPU
		{47065886-EB93-4BF4-937F-74950A719C6C}.Debug|iPhone.ActiveCfg = Debug|Any CPU
		{47065886-EB93-4BF4-937F-74950A719C6C}.Debug|iPhone.Build.0 = Debug|Any CPU
		{47065886-EB93-4BF4-937F-74950A719C6C}.Debug|iPhoneSimulator.ActiveCfg = Debug|Any CPU
		{47065886-EB93-4BF4-937F-74950A719C6C}.Debug|iPhoneSimulator.Build.0 = Debug|Any CPU
		{47065886-EB93-4BF4-937F-74950A719C6C}.Debug|x64.ActiveCfg = Debug|Any CPU
		{47065886-EB93-4BF4-937F-74950A719C6C}.Debug|x64.Build.0 = Debug|Any CPU
		{47065886-EB93-4BF4-937F-74950A719C6C}.Debug|x86.ActiveCfg = Debug|Any CPU
		{47065886-EB93-4BF4-937F-74950A719C6C}.Debug|x86.Build.0 = Debug|Any CPU
		{47065886-EB93-4BF4-937F-74950A719C6C}.Release|Any CPU.ActiveCfg = Release|Any CPU
		{47065886-EB93-4BF4-937F-74950A719C6C}.Release|Any CPU.Build.0 = Release|Any CPU
		{47065886-EB93-4BF4-937F-74950A719C6C}.Release|ARM.ActiveCfg = Release|Any CPU
		{47065886-EB93-4BF4-937F-74950A719C6C}.Release|ARM.Build.0 = Release|Any CPU
		{47065886-EB93-4BF4-937F-74950A719C6C}.Release|iPhone.ActiveCfg = Release|Any CPU
		{47065886-EB93-4BF4-937F-74950A719C6C}.Release|iPhone.Build.0 = Release|Any CPU
		{47065886-EB93-4BF4-937F-74950A719C6C}.Release|iPhoneSimulator.ActiveCfg = Release|Any CPU
		{47065886-EB93-4BF4-937F-74950A719C6C}.Release|iPhoneSimulator.Build.0 = Release|Any CPU
		{47065886-EB93-4BF4-937F-74950A719C6C}.Release|x64.ActiveCfg = Release|Any CPU
		{47065886-EB93-4BF4-937F-74950A719C6C}.Release|x64.Build.0 = Release|Any CPU
		{47065886-EB93-4BF4-937F-74950A719C6C}.Release|x86.ActiveCfg = Release|Any CPU
		{47065886-EB93-4BF4-937F-74950A719C6C}.Release|x86.Build.0 = Release|Any CPU
	EndGlobalSection
	GlobalSection(SolutionProperties) = preSolution
		HideSolutionNode = FALSE
	EndGlobalSection
	GlobalSection(NestedProjects) = preSolution
		{2A631008-B250-49C1-91B0-981338B2E509} = {72F3F06F-F26C-4CC8-B9F0-643CCD51F2AF}
		{A500C5DF-2EAF-4186-A261-80E29223858C} = {72F3F06F-F26C-4CC8-B9F0-643CCD51F2AF}
		{D626F744-33BB-4FC7-A8A7-8220873CDF38} = {72F3F06F-F26C-4CC8-B9F0-643CCD51F2AF}
		{019913DE-804E-4E23-909F-CB3723637153} = {55C62F87-D0E7-40E9-8FEC-A4AEF194B6AA}
		{B1C2AAE9-2BCC-4D7A-9346-5DEB1B8080B7} = {55C62F87-D0E7-40E9-8FEC-A4AEF194B6AA}
		{2B7CFF1C-94F4-45FE-B0B2-1120E30F9266} = {61893EFF-1904-46E4-8179-614C82D3B82F}
		{F88273DD-CB03-4FC7-BC33-76CFC7CE0325} = {61893EFF-1904-46E4-8179-614C82D3B82F}
		{47065886-EB93-4BF4-937F-74950A719C6C} = {61893EFF-1904-46E4-8179-614C82D3B82F}
	EndGlobalSection
	GlobalSection(ExtensibilityGlobals) = postSolution
		SolutionGuid = {BD2EF440-630C-4A82-BBF4-25EBB80D4A1D}
	EndGlobalSection
EndGlobal
